
Microsoft Visual Studio Solution File, Format Version 12.00
# Visual Studio Version 17
VisualStudioVersion = 17.7.34031.279
MinimumVisualStudioVersion = 10.0.40219.1
Project("{2150E333-8FDC-42A3-9474-1A3956D46DE8}") = "Libraries", "Libraries", "{E43FBD7A-0EA0-4CAB-8649-7FC478BAE67B}"
EndProject
Project("{2150E333-8FDC-42A3-9474-1A3956D46DE8}") = "Applications", "Applications", "{54E165F3-50B2-434D-9701-BCF9307790F2}"
EndProject
Project("{9A19103F-16F7-4668-BE54-9A1E7A4F7556}") = "SBSSData.Softball", "Libraries\SBSSData.Softball\SBSSData.Softball.csproj", "{BEE8BA65-C446-4DCC-ABAB-5432A6AF8606}"
EndProject
Project("{9A19103F-16F7-4668-BE54-9A1E7A4F7556}") = "SBSSData.Softball.Common", "Libraries\SBSSData.Softball.Common\SBSSData.Softball.Common.csproj", "{8BC40FF6-5553-470A-9282-953835FC062A}"
EndProject
Project("{9A19103F-16F7-4668-BE54-9A1E7A4F7556}") = "TestCreateFullDataStore", "Applications\TestCreateFullDataStore\TestCreateFullDataStore.csproj", "{DF2AB2BF-8D91-4CEC-9675-AB39F576212B}"
EndProject
Project("{2150E333-8FDC-42A3-9474-1A3956D46DE8}") = "Solution Items", "Solution Items", "{3B88A07C-B55F-479A-8E70-E192B2332121}"
	ProjectSection(SolutionItems) = preProject
		.editorconfig = .editorconfig
	EndProjectSection
EndProject
Project("{9A19103F-16F7-4668-BE54-9A1E7A4F7556}") = "SBSSData.Softball.Logging", "Libraries\SBSSData.Softball.Logging\SBSSData.Softball.Logging.csproj", "{3F424CFB-59D7-45C2-B8F3-A03A33FCC0B7}"
EndProject
Project("{9A19103F-16F7-4668-BE54-9A1E7A4F7556}") = "SBSSData.Softball.Stats", "Libraries\SBSSData.Softball.Stats\SBSSData.Softball.Stats.csproj", "{7E67B83F-F28D-42DC-9166-E5EDFAD6A9C6}"
EndProject
Project("{9A19103F-16F7-4668-BE54-9A1E7A4F7556}") = "SBSSData.Application.DataStore", "Applications\SBSSData.Application.DataStore\SBSSData.Application.DataStore.csproj", "{DDC92FC1-4850-4777-A50E-E77C8ADE4CF7}"
EndProject
Project("{9A19103F-16F7-4668-BE54-9A1E7A4F7556}") = "SBSSData.Application.WebDeployment", "Applications\SBSSData.Application.WebDeployment\SBSSData.Application.WebDeployment.csproj", "{E93E3C41-1D63-4951-916C-90EE6DA44749}"
EndProject
Project("{9A19103F-16F7-4668-BE54-9A1E7A4F7556}") = "SBSSData.Softball.Storage", "Libraries\SBSSData.Softball.Storage\SBSSData.Softball.Storage.csproj", "{C1729ECB-7106-461B-9977-04869C500694}"
EndProject
Project("{9A19103F-16F7-4668-BE54-9A1E7A4F7556}") = "SBSSData.Application.Support", "Applications\SBSSData.Application.Support\SBSSData.Application.Support.csproj", "{8A87A88D-7505-405A-B479-409DC3CA4023}"
EndProject
Project("{9A19103F-16F7-4668-BE54-9A1E7A4F7556}") = "SBSSData.Application.LinqPadQuerySupport", "Applications\SBSSData.Application.LinqPadQuerySupport\SBSSData.Application.LinqPadQuerySupport.csproj", "{F62AEA50-3ADE-4A00-8DB1-2241C2AA2252}"
EndProject
Project("{9A19103F-16F7-4668-BE54-9A1E7A4F7556}") = "SBSSData.Application.Infrastructure", "Applications\SBSSData.Application.Infrastructure\SBSSData.Application.Infrastructure.csproj", "{2707D3EF-EC8B-4098-9375-5CC26A1089A3}"
EndProject
Project("{9A19103F-16F7-4668-BE54-9A1E7A4F7556}") = "SBSSData.Application.WebSiteLocal", "Applications\SBSSData.Application.WebSiteLocal\SBSSData.Application.WebSiteLocal.csproj", "{571C84B1-E723-442B-88BB-E2FF2A231E2C}"
EndProject
Global
	GlobalSection(SolutionConfigurationPlatforms) = preSolution
		Debug|Any CPU = Debug|Any CPU
		Release|Any CPU = Release|Any CPU
	EndGlobalSection
	GlobalSection(ProjectConfigurationPlatforms) = postSolution
		{BEE8BA65-C446-4DCC-ABAB-5432A6AF8606}.Debug|Any CPU.ActiveCfg = Debug|Any CPU
		{BEE8BA65-C446-4DCC-ABAB-5432A6AF8606}.Debug|Any CPU.Build.0 = Debug|Any CPU
		{BEE8BA65-C446-4DCC-ABAB-5432A6AF8606}.Release|Any CPU.ActiveCfg = Release|Any CPU
		{BEE8BA65-C446-4DCC-ABAB-5432A6AF8606}.Release|Any CPU.Build.0 = Release|Any CPU
		{8BC40FF6-5553-470A-9282-953835FC062A}.Debug|Any CPU.ActiveCfg = Debug|Any CPU
		{8BC40FF6-5553-470A-9282-953835FC062A}.Debug|Any CPU.Build.0 = Debug|Any CPU
		{8BC40FF6-5553-470A-9282-953835FC062A}.Release|Any CPU.ActiveCfg = Release|Any CPU
		{8BC40FF6-5553-470A-9282-953835FC062A}.Release|Any CPU.Build.0 = Release|Any CPU
		{DF2AB2BF-8D91-4CEC-9675-AB39F576212B}.Debug|Any CPU.ActiveCfg = Debug|Any CPU
		{DF2AB2BF-8D91-4CEC-9675-AB39F576212B}.Release|Any CPU.ActiveCfg = Release|Any CPU
		{3F424CFB-59D7-45C2-B8F3-A03A33FCC0B7}.Debug|Any CPU.ActiveCfg = Debug|Any CPU
		{3F424CFB-59D7-45C2-B8F3-A03A33FCC0B7}.Debug|Any CPU.Build.0 = Debug|Any CPU
		{3F424CFB-59D7-45C2-B8F3-A03A33FCC0B7}.Release|Any CPU.ActiveCfg = Release|Any CPU
		{3F424CFB-59D7-45C2-B8F3-A03A33FCC0B7}.Release|Any CPU.Build.0 = Release|Any CPU
		{7E67B83F-F28D-42DC-9166-E5EDFAD6A9C6}.Debug|Any CPU.ActiveCfg = Debug|Any CPU
		{7E67B83F-F28D-42DC-9166-E5EDFAD6A9C6}.Debug|Any CPU.Build.0 = Debug|Any CPU
		{7E67B83F-F28D-42DC-9166-E5EDFAD6A9C6}.Release|Any CPU.ActiveCfg = Release|Any CPU
		{7E67B83F-F28D-42DC-9166-E5EDFAD6A9C6}.Release|Any CPU.Build.0 = Release|Any CPU
		{DDC92FC1-4850-4777-A50E-E77C8ADE4CF7}.Debug|Any CPU.ActiveCfg = Debug|Any CPU
		{DDC92FC1-4850-4777-A50E-E77C8ADE4CF7}.Release|Any CPU.ActiveCfg = Release|Any CPU
		{DDC92FC1-4850-4777-A50E-E77C8ADE4CF7}.Release|Any CPU.Build.0 = Release|Any CPU
		{E93E3C41-1D63-4951-916C-90EE6DA44749}.Debug|Any CPU.ActiveCfg = Debug|Any CPU
		{E93E3C41-1D63-4951-916C-90EE6DA44749}.Debug|Any CPU.Build.0 = Debug|Any CPU
		{E93E3C41-1D63-4951-916C-90EE6DA44749}.Release|Any CPU.ActiveCfg = Release|Any CPU
		{E93E3C41-1D63-4951-916C-90EE6DA44749}.Release|Any CPU.Build.0 = Release|Any CPU
		{C1729ECB-7106-461B-9977-04869C500694}.Debug|Any CPU.ActiveCfg = Debug|Any CPU
		{C1729ECB-7106-461B-9977-04869C500694}.Debug|Any CPU.Build.0 = Debug|Any CPU
		{C1729ECB-7106-461B-9977-04869C500694}.Release|Any CPU.ActiveCfg = Release|Any CPU
		{C1729ECB-7106-461B-9977-04869C500694}.Release|Any CPU.Build.0 = Release|Any CPU
		{8A87A88D-7505-405A-B479-409DC3CA4023}.Debug|Any CPU.ActiveCfg = Debug|Any CPU
		{8A87A88D-7505-405A-B479-409DC3CA4023}.Debug|Any CPU.Build.0 = Debug|Any CPU
		{8A87A88D-7505-405A-B479-409DC3CA4023}.Release|Any CPU.ActiveCfg = Release|Any CPU
		{8A87A88D-7505-405A-B479-409DC3CA4023}.Release|Any CPU.Build.0 = Release|Any CPU
		{F62AEA50-3ADE-4A00-8DB1-2241C2AA2252}.Debug|Any CPU.ActiveCfg = Debug|Any CPU
		{F62AEA50-3ADE-4A00-8DB1-2241C2AA2252}.Debug|Any CPU.Build.0 = Debug|Any CPU
		{F62AEA50-3ADE-4A00-8DB1-2241C2AA2252}.Release|Any CPU.ActiveCfg = Release|Any CPU
		{F62AEA50-3ADE-4A00-8DB1-2241C2AA2252}.Release|Any CPU.Build.0 = Release|Any CPU
		{2707D3EF-EC8B-4098-9375-5CC26A1089A3}.Debug|Any CPU.ActiveCfg = Debug|Any CPU
		{2707D3EF-EC8B-4098-9375-5CC26A1089A3}.Debug|Any CPU.Build.0 = Debug|Any CPU
		{2707D3EF-EC8B-4098-9375-5CC26A1089A3}.Release|Any CPU.ActiveCfg = Release|Any CPU
		{2707D3EF-EC8B-4098-9375-5CC26A1089A3}.Release|Any CPU.Build.0 = Release|Any CPU
		{571C84B1-E723-442B-88BB-E2FF2A231E2C}.Debug|Any CPU.ActiveCfg = Debug|Any CPU
		{571C84B1-E723-442B-88BB-E2FF2A231E2C}.Debug|Any CPU.Build.0 = Debug|Any CPU
		{571C84B1-E723-442B-88BB-E2FF2A231E2C}.Release|Any CPU.ActiveCfg = Release|Any CPU
		{571C84B1-E723-442B-88BB-E2FF2A231E2C}.Release|Any CPU.Build.0 = Release|Any CPU
	EndGlobalSection
	GlobalSection(SolutionProperties) = preSolution
		HideSolutionNode = FALSE
	EndGlobalSection
	GlobalSection(NestedProjects) = preSolution
		{BEE8BA65-C446-4DCC-ABAB-5432A6AF8606} = {E43FBD7A-0EA0-4CAB-8649-7FC478BAE67B}
		{8BC40FF6-5553-470A-9282-953835FC062A} = {E43FBD7A-0EA0-4CAB-8649-7FC478BAE67B}
		{DF2AB2BF-8D91-4CEC-9675-AB39F576212B} = {54E165F3-50B2-434D-9701-BCF9307790F2}
		{3F424CFB-59D7-45C2-B8F3-A03A33FCC0B7} = {E43FBD7A-0EA0-4CAB-8649-7FC478BAE67B}
		{7E67B83F-F28D-42DC-9166-E5EDFAD6A9C6} = {E43FBD7A-0EA0-4CAB-8649-7FC478BAE67B}
		{DDC92FC1-4850-4777-A50E-E77C8ADE4CF7} = {54E165F3-50B2-434D-9701-BCF9307790F2}
		{E93E3C41-1D63-4951-916C-90EE6DA44749} = {54E165F3-50B2-434D-9701-BCF9307790F2}
		{C1729ECB-7106-461B-9977-04869C500694} = {E43FBD7A-0EA0-4CAB-8649-7FC478BAE67B}
		{8A87A88D-7505-405A-B479-409DC3CA4023} = {54E165F3-50B2-434D-9701-BCF9307790F2}
		{F62AEA50-3ADE-4A00-8DB1-2241C2AA2252} = {54E165F3-50B2-434D-9701-BCF9307790F2}
		{2707D3EF-EC8B-4098-9375-5CC26A1089A3} = {54E165F3-50B2-434D-9701-BCF9307790F2}
		{571C84B1-E723-442B-88BB-E2FF2A231E2C} = {54E165F3-50B2-434D-9701-BCF9307790F2}
	EndGlobalSection
	GlobalSection(ExtensibilityGlobals) = postSolution
		SolutionGuid = {90CD84B2-8201-4202-9D03-099CF3076382}
	EndGlobalSection
EndGlobal
